
Microsoft Visual Studio Solution File, Format Version 12.00
# Visual Studio Version 17
VisualStudioVersion = 17.0.31919.166
MinimumVisualStudioVersion = 10.0.40219.1
Project("{9A19103F-16F7-4668-BE54-9A1E7A4F7556}") = "practiceUp", "practiceUp\practiceUp.csproj", "{5088BB67-DCF6-4F86-B4FF-5F048D3F28E0}"
EndProject
Project("{9A19103F-16F7-4668-BE54-9A1E7A4F7556}") = "FileHierarcchy", "FileHierarcchy\FileHierarcchy.csproj", "{4A7E0924-D247-4F6B-A713-5726B7390106}"
EndProject
Project("{9A19103F-16F7-4668-BE54-9A1E7A4F7556}") = "Quadritech", "Quadritech\Quadritech.csproj", "{9686EEAF-AEA6-474A-AAE3-896642872AC4}"
EndProject
Project("{9A19103F-16F7-4668-BE54-9A1E7A4F7556}") = "Aboru", "Aboru\Aboru.csproj", "{536E9131-F717-4307-A78B-E3F5ECDFD5FB}"
EndProject
Project("{9A19103F-16F7-4668-BE54-9A1E7A4F7556}") = "CourseRegister", "CourseRegister\CourseRegister.csproj", "{C84480BA-F6E7-452C-B3EE-18E2B449B1A4}"
EndProject
Project("{9A19103F-16F7-4668-BE54-9A1E7A4F7556}") = "MujeebAPI", "MujeebAPI\MujeebAPI.csproj", "{BDE318D3-BACD-4FFE-8017-6E6750F40876}"
EndProject
Project("{FAE04EC0-301F-11D3-BF4B-00C04F79EFBC}") = "MethodEx", "MethodEx\MethodEx.csproj", "{6EC9B0ED-D904-4237-A2B1-144061E4071E}"
EndProject
Global
	GlobalSection(SolutionConfigurationPlatforms) = preSolution
		Debug|Any CPU = Debug|Any CPU
		Release|Any CPU = Release|Any CPU
	EndGlobalSection
	GlobalSection(ProjectConfigurationPlatforms) = postSolution
		{5088BB67-DCF6-4F86-B4FF-5F048D3F28E0}.Debug|Any CPU.ActiveCfg = Debug|Any CPU
		{5088BB67-DCF6-4F86-B4FF-5F048D3F28E0}.Debug|Any CPU.Build.0 = Debug|Any CPU
		{5088BB67-DCF6-4F86-B4FF-5F048D3F28E0}.Release|Any CPU.ActiveCfg = Release|Any CPU
		{5088BB67-DCF6-4F86-B4FF-5F048D3F28E0}.Release|Any CPU.Build.0 = Release|Any CPU
		{4A7E0924-D247-4F6B-A713-5726B7390106}.Debug|Any CPU.ActiveCfg = Debug|Any CPU
		{4A7E0924-D247-4F6B-A713-5726B7390106}.Debug|Any CPU.Build.0 = Debug|Any CPU
		{4A7E0924-D247-4F6B-A713-5726B7390106}.Release|Any CPU.ActiveCfg = Release|Any CPU
		{4A7E0924-D247-4F6B-A713-5726B7390106}.Release|Any CPU.Build.0 = Release|Any CPU
		{9686EEAF-AEA6-474A-AAE3-896642872AC4}.Debug|Any CPU.ActiveCfg = Debug|Any CPU
		{9686EEAF-AEA6-474A-AAE3-896642872AC4}.Debug|Any CPU.Build.0 = Debug|Any CPU
		{9686EEAF-AEA6-474A-AAE3-896642872AC4}.Release|Any CPU.ActiveCfg = Release|Any CPU
		{9686EEAF-AEA6-474A-AAE3-896642872AC4}.Release|Any CPU.Build.0 = Release|Any CPU
		{536E9131-F717-4307-A78B-E3F5ECDFD5FB}.Debug|Any CPU.ActiveCfg = Debug|Any CPU
		{536E9131-F717-4307-A78B-E3F5ECDFD5FB}.Debug|Any CPU.Build.0 = Debug|Any CPU
		{536E9131-F717-4307-A78B-E3F5ECDFD5FB}.Release|Any CPU.ActiveCfg = Release|Any CPU
		{536E9131-F717-4307-A78B-E3F5ECDFD5FB}.Release|Any CPU.Build.0 = Release|Any CPU
		{C84480BA-F6E7-452C-B3EE-18E2B449B1A4}.Debug|Any CPU.ActiveCfg = Debug|Any CPU
		{C84480BA-F6E7-452C-B3EE-18E2B449B1A4}.Debug|Any CPU.Build.0 = Debug|Any CPU
		{C84480BA-F6E7-452C-B3EE-18E2B449B1A4}.Release|Any CPU.ActiveCfg = Release|Any CPU
		{C84480BA-F6E7-452C-B3EE-18E2B449B1A4}.Release|Any CPU.Build.0 = Release|Any CPU
		{BDE318D3-BACD-4FFE-8017-6E6750F40876}.Debug|Any CPU.ActiveCfg = Debug|Any CPU
		{BDE318D3-BACD-4FFE-8017-6E6750F40876}.Debug|Any CPU.Build.0 = Debug|Any CPU
		{BDE318D3-BACD-4FFE-8017-6E6750F40876}.Release|Any CPU.ActiveCfg = Release|Any CPU
		{BDE318D3-BACD-4FFE-8017-6E6750F40876}.Release|Any CPU.Build.0 = Release|Any CPU
		{6EC9B0ED-D904-4237-A2B1-144061E4071E}.Debug|Any CPU.ActiveCfg = Debug|Any CPU
		{6EC9B0ED-D904-4237-A2B1-144061E4071E}.Debug|Any CPU.Build.0 = Debug|Any CPU
		{6EC9B0ED-D904-4237-A2B1-144061E4071E}.Release|Any CPU.ActiveCfg = Release|Any CPU
		{6EC9B0ED-D904-4237-A2B1-144061E4071E}.Release|Any CPU.Build.0 = Release|Any CPU
	EndGlobalSection
	GlobalSection(SolutionProperties) = preSolution
		HideSolutionNode = FALSE
	EndGlobalSection
	GlobalSection(ExtensibilityGlobals) = postSolution
		SolutionGuid = {54379546-C807-41A3-8104-C7597CEC89B9}
	EndGlobalSection
EndGlobal
